
Microsoft Visual Studio Solution File, Format Version 12.00
# Visual Studio 2013
VisualStudioVersion = 12.0.31101.0
MinimumVisualStudioVersion = 10.0.40219.1
Project("{FAE04EC0-301F-11D3-BF4B-00C04F79EFBC}") = "mvcWithEntityF", "mvcWithEntityF\mvcWithEntityF.csproj", "{72F302E6-2AB0-4C72-9401-25C1F1CCB298}"
EndProject
Project("{FAE04EC0-301F-11D3-BF4B-00C04F79EFBC}") = "ModelbussinessLogic", "ModelbussinessLogic\ModelbussinessLogic.csproj", "{2C7D131F-CFE3-4450-8A36-8DD473819EF0}"
EndProject
Global
	GlobalSection(SolutionConfigurationPlatforms) = preSolution
		Debug|Any CPU = Debug|Any CPU
		Release|Any CPU = Release|Any CPU
	EndGlobalSection
	GlobalSection(ProjectConfigurationPlatforms) = postSolution
		{72F302E6-2AB0-4C72-9401-25C1F1CCB298}.Debug|Any CPU.ActiveCfg = Debug|Any CPU
		{72F302E6-2AB0-4C72-9401-25C1F1CCB298}.Debug|Any CPU.Build.0 = Debug|Any CPU
		{72F302E6-2AB0-4C72-9401-25C1F1CCB298}.Release|Any CPU.ActiveCfg = Release|Any CPU
		{72F302E6-2AB0-4C72-9401-25C1F1CCB298}.Release|Any CPU.Build.0 = Release|Any CPU
		{2C7D131F-CFE3-4450-8A36-8DD473819EF0}.Debug|Any CPU.ActiveCfg = Debug|Any CPU
		{2C7D131F-CFE3-4450-8A36-8DD473819EF0}.Debug|Any CPU.Build.0 = Debug|Any CPU
		{2C7D131F-CFE3-4450-8A36-8DD473819EF0}.Release|Any CPU.ActiveCfg = Release|Any CPU
		{2C7D131F-CFE3-4450-8A36-8DD473819EF0}.Release|Any CPU.Build.0 = Release|Any CPU
	EndGlobalSection
	GlobalSection(SolutionProperties) = preSolution
		HideSolutionNode = FALSE
	EndGlobalSection
EndGlobal
